
Microsoft Visual Studio Solution File, Format Version 12.00
# Visual Studio Version 17
VisualStudioVersion = 17.7.34031.279
MinimumVisualStudioVersion = 10.0.40219.1
Project("{FAE04EC0-301F-11D3-BF4B-00C04F79EFBC}") = "Younsi_Adam_WFA", "pong\Younsi_Adam_WFA.csproj", "{14116CB0-BE1F-40D6-9E2E-57707A2656E9}"
EndProject
Global
	GlobalSection(SolutionConfigurationPlatforms) = preSolution
		Debug|Any CPU = Debug|Any CPU
		Release|Any CPU = Release|Any CPU
	EndGlobalSection
	GlobalSection(ProjectConfigurationPlatforms) = postSolution
		{14116CB0-BE1F-40D6-9E2E-57707A2656E9}.Debug|Any CPU.ActiveCfg = Debug|Any CPU
		{14116CB0-BE1F-40D6-9E2E-57707A2656E9}.Debug|Any CPU.Build.0 = Debug|Any CPU
		{14116CB0-BE1F-40D6-9E2E-57707A2656E9}.Release|Any CPU.ActiveCfg = Release|Any CPU
		{14116CB0-BE1F-40D6-9E2E-57707A2656E9}.Release|Any CPU.Build.0 = Release|Any CPU
	EndGlobalSection
	GlobalSection(SolutionProperties) = preSolution
		HideSolutionNode = FALSE
	EndGlobalSection
	GlobalSection(ExtensibilityGlobals) = postSolution
		SolutionGuid = {68B368EC-543F-43A5-B5F9-E395156D1D7F}
	EndGlobalSection
EndGlobal
